<Solution>
  <Project Path="Bloat.Core/Bloat.Core.csproj" />
  <Project Path="Bloat.Data.Migrations/Bloat.Data.Migrations.csproj" />
  <Project Path="Bloat.Data.Sqlite/Bloat.Data.Sqlite.vbproj" />
  <Project Path="Bloat.Data/Bloat.Data.csproj" />
  <Project Path="Bloat.Host/Bloat.Host.csproj" />
  <Project Path="Bloat.Tests/Bloat.Tests.csproj" />
  <Project Path="Bloat.Web/Bloat.Web.vbproj" />
</Solution>
